{
  "requires": true,
  "lockfileVersion": 1,
  "dependencies": {
    "@types/bluebird": {
      "version": "3.5.33",
      "resolved": "https://registry.npmjs.org/@types/bluebird/-/bluebird-3.5.33.tgz",
      "integrity": "sha512-ndEo1xvnYeHxm7I/5sF6tBvnsA4Tdi3zj1keRKRs12SP+2ye2A27NDJ1B6PqkfMbGAcT+mqQVqbZRIrhfOp5PQ=="
    },
    "@types/lodash": {
      "version": "4.14.165",
      "resolved": "https://registry.npmjs.org/@types/lodash/-/lodash-4.14.165.tgz",
      "integrity": "sha512-tjSSOTHhI5mCHTy/OOXYIhi2Wt1qcbHmuXD1Ha7q70CgI/I71afO4XtLb/cVexki1oVYchpul/TOuu3Arcdxrg=="
    },
    "@types/node": {
      "version": "10.17.44",
      "resolved": "https://registry.npmjs.org/@types/node/-/node-10.17.44.tgz",
      "integrity": "sha512-vHPAyBX1ffLcy4fQHmDyIUMUb42gHZjPHU66nhvbMzAWJqHnySGZ6STwN3rwrnSd1FHB0DI/RWgGELgKSYRDmw=="
    },
    "@types/sax": {
      "version": "1.2.1",
      "resolved": "https://registry.npmjs.org/@types/sax/-/sax-1.2.1.tgz",
      "integrity": "sha512-dqYdvN7Sbw8QT/0Ci5rhjE4/iCMJEM0Y9rHpCu+gGXD9Lwbz28t6HI2yegsB6BoV1sShRMU6lAmAcgRjmFy7LA==",
      "requires": {
        "@types/node": "*"
      }
    },
    "@wikipathways/cxml": {
      "version": "0.2.14",
      "resolved": "https://registry.npmjs.org/@wikipathways/cxml/-/cxml-0.2.14.tgz",
      "integrity": "sha512-6va0nmIi+58PC9tOKDxwPfi5QYBFR8NDrQISORuhR6FbjYuEOlC06x7EvGBO6WFeC+WnG6y6graZjyXRFRuDrA==",
      "requires": {
        "@types/bluebird": "^3.5.28",
        "@types/lodash": "^4.14.144",
        "@types/node": "^10.17.0",
        "@types/sax": "^1.2.0",
        "bluebird": "^3.7.1",
        "lodash": "^4.17.15",
        "sax": "^1.2.4"
      }
    },
    "bluebird": {
      "version": "3.7.2",
      "resolved": "https://registry.npmjs.org/bluebird/-/bluebird-3.7.2.tgz",
      "integrity": "sha512-XpNj6GDQzdfW+r2Wnn7xiSAd7TM3jzkxGXBGTtWKuSXv1xUV+azxAm8jdWZN06QTQk+2N2XB9jRDkvbmQmcRtg=="
    },
    "buffer-from": {
      "version": "1.1.1",
      "resolved": "https://registry.npmjs.org/buffer-from/-/buffer-from-1.1.1.tgz",
      "integrity": "sha512-MQcXEUbCKtEo7bhqEs6560Hyd4XaovZlO/k9V3hjVUF/zwW7KBVdSK4gIt/bzwS9MbR5qob+F5jusZsb0YQK2A=="
    },
    "lodash": {
      "version": "4.17.20",
      "resolved": "https://registry.npmjs.org/lodash/-/lodash-4.17.20.tgz",
      "integrity": "sha512-PlhdFcillOINfeV7Ni6oF1TAEayyZBoZ8bcshTHqOYJYlrqzRK5hagpagky5o4HfCzzd1TRkXPMFq6cKk9rGmA=="
    },
    "sax": {
      "version": "1.2.4",
      "resolved": "https://registry.npmjs.org/sax/-/sax-1.2.4.tgz",
      "integrity": "sha512-NqVDv9TpANUjFm0N8uM5GxL36UgKi9/atZw+x7YFnQ8ckwFGKrl4xX4yWtrey3UJm5nP1kUbnYgLopqWNSRhWw=="
    },
    "source-map": {
      "version": "0.6.1",
      "resolved": "https://registry.npmjs.org/source-map/-/source-map-0.6.1.tgz",
      "integrity": "sha512-UjgapumWlbMhkBgzT7Ykc5YXUT46F0iKu8SGXq0bcwP5dz/h0Plj6enJqjz1Zbq2l5WaqYnrVbwWOWMyF3F47g=="
    },
    "source-map-support": {
      "version": "0.5.19",
      "resolved": "https://registry.npmjs.org/source-map-support/-/source-map-support-0.5.19.tgz",
      "integrity": "sha512-Wonm7zOCIJzBGQdB+thsPar0kYuCIzYvxZwlBa87yi/Mdjv7Tip2cyVbLj5o0cFPN4EVkuTwb3GDDyUx2DGnGw==",
      "requires": {
        "buffer-from": "^1.0.0",
        "source-map": "^0.6.0"
      }
    }
  }
}
