{
  "requires": true,
  "lockfileVersion": 1,
  "dependencies": {
    "amdefine": {
      "version": "0.1.1",
      "resolved": "https://registry.npmjs.org/amdefine/-/amdefine-0.1.1.tgz",
      "integrity": "sha1-tcdcUyBS3M1qOcAGTHcsjVegbNI="
    },
    "jsonix": {
      "version": "3.0.0",
      "resolved": "https://registry.npmjs.org/jsonix/-/jsonix-3.0.0.tgz",
      "integrity": "sha512-3I3CwAR5YRLGEApVjTYIDVzjryfvQq1sdEu8FLLCirGYBA9j0qDhIFHjtxEEyV0UApRgdAG8l4Za0VllZENHyA==",
      "requires": {
        "amdefine": "0.x.x",
        "xmldom": ">=0.1.21",
        "xmlhttprequest": "1.x.x"
      }
    },
    "xmldom": {
      "version": "0.4.0",
      "resolved": "https://registry.npmjs.org/xmldom/-/xmldom-0.4.0.tgz",
      "integrity": "sha512-2E93k08T30Ugs+34HBSTQLVtpi6mCddaY8uO+pMNk1pqSjV5vElzn4mmh6KLxN3hki8rNcHSYzILoh3TEWORvA=="
    },
    "xmlhttprequest": {
      "version": "1.8.0",
      "resolved": "https://registry.npmjs.org/xmlhttprequest/-/xmlhttprequest-1.8.0.tgz",
      "integrity": "sha1-Z/4HXFwk/vOfnWX197f+dRcZaPw="
    }
  }
}
